{
  "requires": true,
  "lockfileVersion": 1,
  "dependencies": {
    "coc-clangd": {
      "version": "0.4.2",
      "resolved": "https://registry.npmjs.org/coc-clangd/-/coc-clangd-0.4.2.tgz",
      "integrity": "sha512-ZYHrK//KzmgkCjs3HC2MaVZdYkJVPqHnT63XHqssPD9uUlMZUJX3pM+dM/xLoRhyUKlilTHuJf4oCoO/IcSlbg=="
    },
    "coc-jedi": {
      "version": "0.8.1",
      "resolved": "https://registry.npmjs.org/coc-jedi/-/coc-jedi-0.8.1.tgz",
      "integrity": "sha512-mpGxIbvH3ebfAA+fQ9qjkNdcSqHBdtr7QRzRypuHlHIRTkE9JHW38DTmqIstbXz//Xu94oMgwy4JVq7PJJEPXw=="
    },
    "coc-json": {
      "version": "1.2.6",
      "resolved": "https://registry.npmjs.org/coc-json/-/coc-json-1.2.6.tgz",
      "integrity": "sha512-PAytSZ30TWoEHOfi2V3Y944u5q1WHNVhjsKyNnggm8CcgYAulWJiCzxSsmKBLw+DbRLqygGUdO3cOIbQeJCm5A=="
    },
    "coc-python": {
      "version": "1.2.12",
      "resolved": "https://registry.npmjs.org/coc-python/-/coc-python-1.2.12.tgz",
      "integrity": "sha512-cwZ/uIJT5id6zwBE6RWC/HcGy7uw2hLjC0OyvcjFzidazH73e3fQBBoEMJNtLKgPuAJfNjo4BPu+cDsCSAkCAw=="
    }
  }
}
